
Microsoft Visual Studio Solution File, Format Version 12.00
# Visual Studio Version 17
VisualStudioVersion = 17.0.31912.275
MinimumVisualStudioVersion = 10.0.40219.1
Project("{9A19103F-16F7-4668-BE54-9A1E7A4F7556}") = "AOC.2021", "AOC.Day01\AOC.2021.csproj", "{DE3BE027-3CA3-4540-919E-48809D232B1C}"
EndProject
Project("{FAE04EC0-301F-11D3-BF4B-00C04F79EFBC}") = "AOC.2021.Tests", "AOC.2021.Tests\AOC.2021.Tests.csproj", "{0BD9E34E-6C71-4E2B-BB4A-095DE04074AA}"
EndProject
Global
	GlobalSection(SolutionConfigurationPlatforms) = preSolution
		Debug|Any CPU = Debug|Any CPU
		Release|Any CPU = Release|Any CPU
	EndGlobalSection
	GlobalSection(ProjectConfigurationPlatforms) = postSolution
		{DE3BE027-3CA3-4540-919E-48809D232B1C}.Debug|Any CPU.ActiveCfg = Debug|Any CPU
		{DE3BE027-3CA3-4540-919E-48809D232B1C}.Debug|Any CPU.Build.0 = Debug|Any CPU
		{DE3BE027-3CA3-4540-919E-48809D232B1C}.Release|Any CPU.ActiveCfg = Release|Any CPU
		{DE3BE027-3CA3-4540-919E-48809D232B1C}.Release|Any CPU.Build.0 = Release|Any CPU
		{0BD9E34E-6C71-4E2B-BB4A-095DE04074AA}.Debug|Any CPU.ActiveCfg = Debug|Any CPU
		{0BD9E34E-6C71-4E2B-BB4A-095DE04074AA}.Debug|Any CPU.Build.0 = Debug|Any CPU
		{0BD9E34E-6C71-4E2B-BB4A-095DE04074AA}.Release|Any CPU.ActiveCfg = Release|Any CPU
		{0BD9E34E-6C71-4E2B-BB4A-095DE04074AA}.Release|Any CPU.Build.0 = Release|Any CPU
	EndGlobalSection
	GlobalSection(SolutionProperties) = preSolution
		HideSolutionNode = FALSE
	EndGlobalSection
	GlobalSection(ExtensibilityGlobals) = postSolution
		SolutionGuid = {510DA6C9-C392-4A9B-97E1-322E8C9C9C7D}
	EndGlobalSection
EndGlobal
